
Microsoft Visual Studio Solution File, Format Version 12.00
# Visual Studio Version 16
VisualStudioVersion = 25.0.1700.1
MinimumVisualStudioVersion = 10.0.40219.1
Project("{FAE04EC0-301F-11D3-BF4B-00C04F79EFBC}") = "bingo2", "bingo2.csproj", "{A3060231-915F-4EA2-AD72-2E0C94CF3AED}"
EndProject
Global
	GlobalSection(SolutionConfigurationPlatforms) = preSolution
		Debug|Any CPU = Debug|Any CPU
		Release|Any CPU = Release|Any CPU
	EndGlobalSection
	GlobalSection(ProjectConfigurationPlatforms) = postSolution
		{A3060231-915F-4EA2-AD72-2E0C94CF3AED}.Debug|Any CPU.ActiveCfg = Debug|Any CPU
		{A3060231-915F-4EA2-AD72-2E0C94CF3AED}.Debug|Any CPU.Build.0 = Debug|Any CPU
		{A3060231-915F-4EA2-AD72-2E0C94CF3AED}.Release|Any CPU.ActiveCfg = Release|Any CPU
		{A3060231-915F-4EA2-AD72-2E0C94CF3AED}.Release|Any CPU.Build.0 = Release|Any CPU
	EndGlobalSection
	GlobalSection(SolutionProperties) = preSolution
		HideSolutionNode = FALSE
	EndGlobalSection
	GlobalSection(ExtensibilityGlobals) = postSolution
		SolutionGuid = {3A57A82E-EA5D-45DE-B0AF-BC0B8D3E672D}
	EndGlobalSection
EndGlobal
