
Microsoft Visual Studio Solution File, Format Version 12.00
# Visual Studio Version 16
VisualStudioVersion = 25.0.1700.0
MinimumVisualStudioVersion = 10.0.40219.1
Project("{FAE04EC0-301F-11D3-BF4B-00C04F79EFBC}") = "persona", "persona.csproj", "{1D388C21-8B6E-49DB-9FEF-51E9E11B1D7D}"
EndProject
Global
	GlobalSection(SolutionConfigurationPlatforms) = preSolution
		Debug|Any CPU = Debug|Any CPU
		Release|Any CPU = Release|Any CPU
	EndGlobalSection
	GlobalSection(ProjectConfigurationPlatforms) = postSolution
		{1D388C21-8B6E-49DB-9FEF-51E9E11B1D7D}.Debug|Any CPU.ActiveCfg = Debug|Any CPU
		{1D388C21-8B6E-49DB-9FEF-51E9E11B1D7D}.Debug|Any CPU.Build.0 = Debug|Any CPU
		{1D388C21-8B6E-49DB-9FEF-51E9E11B1D7D}.Release|Any CPU.ActiveCfg = Release|Any CPU
		{1D388C21-8B6E-49DB-9FEF-51E9E11B1D7D}.Release|Any CPU.Build.0 = Release|Any CPU
	EndGlobalSection
	GlobalSection(SolutionProperties) = preSolution
		HideSolutionNode = FALSE
	EndGlobalSection
	GlobalSection(ExtensibilityGlobals) = postSolution
		SolutionGuid = {E65C8897-5F3C-43D2-BDEB-089D73AC8027}
	EndGlobalSection
EndGlobal
