
Microsoft Visual Studio Solution File, Format Version 12.00
# Visual Studio Version 16
VisualStudioVersion = 25.0.1700.2
MinimumVisualStudioVersion = 10.0.40219.1
Project("{FAE04EC0-301F-11D3-BF4B-00C04F79EFBC}") = "Clase15", "Clase15.csproj", "{023C55EE-F4A3-4518-BA0E-E69780820DCA}"
EndProject
Global
	GlobalSection(SolutionConfigurationPlatforms) = preSolution
		Debug|Any CPU = Debug|Any CPU
		Release|Any CPU = Release|Any CPU
	EndGlobalSection
	GlobalSection(ProjectConfigurationPlatforms) = postSolution
		{023C55EE-F4A3-4518-BA0E-E69780820DCA}.Debug|Any CPU.ActiveCfg = Debug|Any CPU
		{023C55EE-F4A3-4518-BA0E-E69780820DCA}.Debug|Any CPU.Build.0 = Debug|Any CPU
		{023C55EE-F4A3-4518-BA0E-E69780820DCA}.Release|Any CPU.ActiveCfg = Release|Any CPU
		{023C55EE-F4A3-4518-BA0E-E69780820DCA}.Release|Any CPU.Build.0 = Release|Any CPU
	EndGlobalSection
	GlobalSection(SolutionProperties) = preSolution
		HideSolutionNode = FALSE
	EndGlobalSection
	GlobalSection(ExtensibilityGlobals) = postSolution
		SolutionGuid = {E1537829-F3BD-4EA9-9615-28812080A678}
	EndGlobalSection
EndGlobal
